
Microsoft Visual Studio Solution File, Format Version 12.00
# Visual Studio Version 17
VisualStudioVersion = 17.4.33103.184
MinimumVisualStudioVersion = 10.0.40219.1
Project("{FAE04EC0-301F-11D3-BF4B-00C04F79EFBC}") = "StopWatch", "StopWatch\StopWatch.csproj", "{7BACFC35-C759-4CA8-B3CF-4CB042E6C28B}"
EndProject
Global
	GlobalSection(SolutionConfigurationPlatforms) = preSolution
		Debug|Any CPU = Debug|Any CPU
		Release|Any CPU = Release|Any CPU
	EndGlobalSection
	GlobalSection(ProjectConfigurationPlatforms) = postSolution
		{7BACFC35-C759-4CA8-B3CF-4CB042E6C28B}.Debug|Any CPU.ActiveCfg = Debug|Any CPU
		{7BACFC35-C759-4CA8-B3CF-4CB042E6C28B}.Debug|Any CPU.Build.0 = Debug|Any CPU
		{7BACFC35-C759-4CA8-B3CF-4CB042E6C28B}.Release|Any CPU.ActiveCfg = Release|Any CPU
		{7BACFC35-C759-4CA8-B3CF-4CB042E6C28B}.Release|Any CPU.Build.0 = Release|Any CPU
	EndGlobalSection
	GlobalSection(SolutionProperties) = preSolution
		HideSolutionNode = FALSE
	EndGlobalSection
	GlobalSection(ExtensibilityGlobals) = postSolution
		SolutionGuid = {FA1D907F-DD7B-4CF5-8E11-4237893E4DCB}
	EndGlobalSection
EndGlobal
